
Microsoft Visual Studio Solution File, Format Version 12.00
Project("{2150E333-8FDC-42A3-9474-1A3956D46DE8}") = "src", "src", "{4A01D1EC-CC43-426D-BDEB-C3DAB8CF3FEF}"
EndProject
Project("{FAE04EC0-301F-11D3-BF4B-00C04F79EFBC}") = "Domain", "Domain\Domain.csproj", "{73AF55AD-61F1-4EA7-9E51-6508945C6BF1}"
EndProject
Global
	GlobalSection(SolutionConfigurationPlatforms) = preSolution
		Debug|Any CPU = Debug|Any CPU
		Release|Any CPU = Release|Any CPU
	EndGlobalSection
	GlobalSection(NestedProjects) = preSolution
		{73AF55AD-61F1-4EA7-9E51-6508945C6BF1} = {4A01D1EC-CC43-426D-BDEB-C3DAB8CF3FEF}
	EndGlobalSection
	GlobalSection(ProjectConfigurationPlatforms) = postSolution
		{73AF55AD-61F1-4EA7-9E51-6508945C6BF1}.Debug|Any CPU.ActiveCfg = Debug|Any CPU
		{73AF55AD-61F1-4EA7-9E51-6508945C6BF1}.Debug|Any CPU.Build.0 = Debug|Any CPU
		{73AF55AD-61F1-4EA7-9E51-6508945C6BF1}.Release|Any CPU.ActiveCfg = Release|Any CPU
		{73AF55AD-61F1-4EA7-9E51-6508945C6BF1}.Release|Any CPU.Build.0 = Release|Any CPU
	EndGlobalSection
EndGlobal
